<Solution>
  <Project Path="Задание 2/Задание 2.csproj" />
  <Project Path="Задание 3/Задание 3.csproj" />
  <Project Path="Задание 4/Задание 4.csproj" />
  <Project Path="Задание 5/Задание 5.csproj" />
  <Project Path="Задание 6/Задание 6.csproj" />
  <Project Path="Задание 7/Задание 7.csproj" />
  <Project Path="Задание 8/Задание 8.csproj" />
  <Project Path="Модуль 2/Задание 1.csproj" />
</Solution>
